
Microsoft Visual Studio Solution File, Format Version 12.00
# Visual Studio Version 16
VisualStudioVersion = 16.0.31129.286
MinimumVisualStudioVersion = 10.0.40219.1
Project("{FAE04EC0-301F-11D3-BF4B-00C04F79EFBC}") = "LabNet2021.HelloWorld", "HelloWorld\LabNet2021.HelloWorld.csproj", "{323BC7B8-E859-442D-8207-202666979572}"
EndProject
Global
	GlobalSection(SolutionConfigurationPlatforms) = preSolution
		Debug|Any CPU = Debug|Any CPU
		Release|Any CPU = Release|Any CPU
	EndGlobalSection
	GlobalSection(ProjectConfigurationPlatforms) = postSolution
		{323BC7B8-E859-442D-8207-202666979572}.Debug|Any CPU.ActiveCfg = Debug|Any CPU
		{323BC7B8-E859-442D-8207-202666979572}.Debug|Any CPU.Build.0 = Debug|Any CPU
		{323BC7B8-E859-442D-8207-202666979572}.Release|Any CPU.ActiveCfg = Release|Any CPU
		{323BC7B8-E859-442D-8207-202666979572}.Release|Any CPU.Build.0 = Release|Any CPU
	EndGlobalSection
	GlobalSection(SolutionProperties) = preSolution
		HideSolutionNode = FALSE
	EndGlobalSection
	GlobalSection(ExtensibilityGlobals) = postSolution
		SolutionGuid = {A44652C1-85B9-4C34-9E62-DDF74DA56B46}
	EndGlobalSection
EndGlobal
