
Microsoft Visual Studio Solution File, Format Version 12.00
# Visual Studio Version 16
VisualStudioVersion = 16.0.31129.286
MinimumVisualStudioVersion = 10.0.40219.1
Project("{FAE04EC0-301F-11D3-BF4B-00C04F79EFBC}") = "tp2.WinFormsUI", "tp2.WinFormsUI\tp2.WinFormsUI.csproj", "{184C3256-ECF1-4D57-969C-C94D69C9375B}"
EndProject
Project("{FAE04EC0-301F-11D3-BF4B-00C04F79EFBC}") = "tp2.Logic", "tp2.Logic\tp2.Logic.csproj", "{F727AF44-E76F-47A3-8505-646035B4632D}"
EndProject
Global
	GlobalSection(SolutionConfigurationPlatforms) = preSolution
		Debug|Any CPU = Debug|Any CPU
		Release|Any CPU = Release|Any CPU
	EndGlobalSection
	GlobalSection(ProjectConfigurationPlatforms) = postSolution
		{184C3256-ECF1-4D57-969C-C94D69C9375B}.Debug|Any CPU.ActiveCfg = Debug|Any CPU
		{184C3256-ECF1-4D57-969C-C94D69C9375B}.Debug|Any CPU.Build.0 = Debug|Any CPU
		{184C3256-ECF1-4D57-969C-C94D69C9375B}.Release|Any CPU.ActiveCfg = Release|Any CPU
		{184C3256-ECF1-4D57-969C-C94D69C9375B}.Release|Any CPU.Build.0 = Release|Any CPU
		{F727AF44-E76F-47A3-8505-646035B4632D}.Debug|Any CPU.ActiveCfg = Debug|Any CPU
		{F727AF44-E76F-47A3-8505-646035B4632D}.Debug|Any CPU.Build.0 = Debug|Any CPU
		{F727AF44-E76F-47A3-8505-646035B4632D}.Release|Any CPU.ActiveCfg = Release|Any CPU
		{F727AF44-E76F-47A3-8505-646035B4632D}.Release|Any CPU.Build.0 = Release|Any CPU
	EndGlobalSection
	GlobalSection(SolutionProperties) = preSolution
		HideSolutionNode = FALSE
	EndGlobalSection
	GlobalSection(ExtensibilityGlobals) = postSolution
		SolutionGuid = {E99DA18E-14CF-4C1B-A44C-2953A4BBB2E2}
	EndGlobalSection
EndGlobal
